
Microsoft Visual Studio Solution File, Format Version 12.00
# Visual Studio 15
VisualStudioVersion = 15.0.27130.2010
MinimumVisualStudioVersion = 10.0.40219.1
Project("{FAE04EC0-301F-11D3-BF4B-00C04F79EFBC}") = "GoedertWeb.UI", "GoedertWeb.UI\GoedertWeb.UI.csproj", "{264E38D7-26EC-42C5-A0BA-9658DF42F21A}"
EndProject
Global
	GlobalSection(SolutionConfigurationPlatforms) = preSolution
		Debug|Any CPU = Debug|Any CPU
		Release|Any CPU = Release|Any CPU
	EndGlobalSection
	GlobalSection(ProjectConfigurationPlatforms) = postSolution
		{264E38D7-26EC-42C5-A0BA-9658DF42F21A}.Debug|Any CPU.ActiveCfg = Debug|Any CPU
		{264E38D7-26EC-42C5-A0BA-9658DF42F21A}.Debug|Any CPU.Build.0 = Debug|Any CPU
		{264E38D7-26EC-42C5-A0BA-9658DF42F21A}.Release|Any CPU.ActiveCfg = Release|Any CPU
		{264E38D7-26EC-42C5-A0BA-9658DF42F21A}.Release|Any CPU.Build.0 = Release|Any CPU
	EndGlobalSection
	GlobalSection(SolutionProperties) = preSolution
		HideSolutionNode = FALSE
	EndGlobalSection
	GlobalSection(ExtensibilityGlobals) = postSolution
		SolutionGuid = {93CBACE4-33E6-4444-8532-B41E759FC79E}
	EndGlobalSection
EndGlobal
